
Microsoft Visual Studio Solution File, Format Version 12.00
# Visual Studio Version 16
VisualStudioVersion = 25.0.1706.1
MinimumVisualStudioVersion = 10.0.40219.1
Project("{FAE04EC0-301F-11D3-BF4B-00C04F79EFBC}") = "MyContacts", "MyContacts\MyContacts.csproj", "{DF5F55D1-659E-41E9-9A71-6A312A5A1A9F}"
EndProject
Project("{FAE04EC0-301F-11D3-BF4B-00C04F79EFBC}") = "MyContacts.CoreBusiness", "MyContacts.CoreBusiness\MyContacts.CoreBusiness.csproj", "{B771D390-C19D-4D19-BCE7-C52C94240EFC}"
EndProject
Project("{FAE04EC0-301F-11D3-BF4B-00C04F79EFBC}") = "MyContacts.UseCases", "MyContacts.UseCases\MyContacts.UseCases.csproj", "{A86EB7C2-22C8-46BE-841E-914C13F86D74}"
EndProject
Project("{2150E333-8FDC-42A3-9474-1A3956D46DE8}") = "Plugins", "Plugins", "{22FBD65B-066D-4843-9388-29CC8AECE667}"
EndProject
Project("{FAE04EC0-301F-11D3-BF4B-00C04F79EFBC}") = "MyContacts.Plugins.DataStore.InMemory", "Plugins\MyContacts.Plugins.DataStore.InMemory\MyContacts.Plugins.DataStore.InMemory.csproj", "{7554641B-11AF-415D-9CDD-89C945D31799}"
EndProject
Global
	GlobalSection(SolutionConfigurationPlatforms) = preSolution
		Debug|Any CPU = Debug|Any CPU
		Release|Any CPU = Release|Any CPU
	EndGlobalSection
	GlobalSection(ProjectConfigurationPlatforms) = postSolution
		{DF5F55D1-659E-41E9-9A71-6A312A5A1A9F}.Debug|Any CPU.ActiveCfg = Debug|Any CPU
		{DF5F55D1-659E-41E9-9A71-6A312A5A1A9F}.Debug|Any CPU.Build.0 = Debug|Any CPU
		{DF5F55D1-659E-41E9-9A71-6A312A5A1A9F}.Release|Any CPU.ActiveCfg = Release|Any CPU
		{DF5F55D1-659E-41E9-9A71-6A312A5A1A9F}.Release|Any CPU.Build.0 = Release|Any CPU
		{B771D390-C19D-4D19-BCE7-C52C94240EFC}.Debug|Any CPU.ActiveCfg = Debug|Any CPU
		{B771D390-C19D-4D19-BCE7-C52C94240EFC}.Debug|Any CPU.Build.0 = Debug|Any CPU
		{B771D390-C19D-4D19-BCE7-C52C94240EFC}.Release|Any CPU.ActiveCfg = Release|Any CPU
		{B771D390-C19D-4D19-BCE7-C52C94240EFC}.Release|Any CPU.Build.0 = Release|Any CPU
		{A86EB7C2-22C8-46BE-841E-914C13F86D74}.Debug|Any CPU.ActiveCfg = Debug|Any CPU
		{A86EB7C2-22C8-46BE-841E-914C13F86D74}.Debug|Any CPU.Build.0 = Debug|Any CPU
		{A86EB7C2-22C8-46BE-841E-914C13F86D74}.Release|Any CPU.ActiveCfg = Release|Any CPU
		{A86EB7C2-22C8-46BE-841E-914C13F86D74}.Release|Any CPU.Build.0 = Release|Any CPU
		{7554641B-11AF-415D-9CDD-89C945D31799}.Debug|Any CPU.ActiveCfg = Debug|Any CPU
		{7554641B-11AF-415D-9CDD-89C945D31799}.Debug|Any CPU.Build.0 = Debug|Any CPU
		{7554641B-11AF-415D-9CDD-89C945D31799}.Release|Any CPU.ActiveCfg = Release|Any CPU
		{7554641B-11AF-415D-9CDD-89C945D31799}.Release|Any CPU.Build.0 = Release|Any CPU
	EndGlobalSection
	GlobalSection(SolutionProperties) = preSolution
		HideSolutionNode = FALSE
	EndGlobalSection
	GlobalSection(ExtensibilityGlobals) = postSolution
		SolutionGuid = {2C9D99B4-BE31-42E8-A02B-FBBEA1D11F08}
	EndGlobalSection
	GlobalSection(NestedProjects) = preSolution
		{7554641B-11AF-415D-9CDD-89C945D31799} = {22FBD65B-066D-4843-9388-29CC8AECE667}
	EndGlobalSection
EndGlobal
